
Microsoft Visual Studio Solution File, Format Version 12.00
# Visual Studio Version 16
VisualStudioVersion = 16.0.31205.134
MinimumVisualStudioVersion = 10.0.40219.1
Project("{888888A0-9F3D-457C-B088-3A5042F75D52}") = "BoxingMachine", "BoxingMachine.pyproj", "{3A1D0CF9-C277-41C4-9E1E-9473D41E7669}"
EndProject
Global
	GlobalSection(SolutionConfigurationPlatforms) = preSolution
		Debug|Any CPU = Debug|Any CPU
		Release|Any CPU = Release|Any CPU
	EndGlobalSection
	GlobalSection(ProjectConfigurationPlatforms) = postSolution
		{3A1D0CF9-C277-41C4-9E1E-9473D41E7669}.Debug|Any CPU.ActiveCfg = Debug|Any CPU
		{3A1D0CF9-C277-41C4-9E1E-9473D41E7669}.Release|Any CPU.ActiveCfg = Release|Any CPU
	EndGlobalSection
	GlobalSection(SolutionProperties) = preSolution
		HideSolutionNode = FALSE
	EndGlobalSection
	GlobalSection(ExtensibilityGlobals) = postSolution
		SolutionGuid = {10DEBD5A-600D-469F-BF89-D5909300ACC5}
	EndGlobalSection
EndGlobal
